
Microsoft Visual Studio Solution File, Format Version 12.00
# Visual Studio Version 17
VisualStudioVersion = 17.2.32616.157
MinimumVisualStudioVersion = 10.0.40219.1
Project("{9A19103F-16F7-4668-BE54-9A1E7A4F7556}") = "EmployeeManagement", "EmployeeManagement\EmployeeManagement.csproj", "{13363F1D-3EB2-484D-B93A-0F9052F8F854}"
EndProject
Project("{FAE04EC0-301F-11D3-BF4B-00C04F79EFBC}") = "StudentManagementSystem", "StudentManagementSystem\StudentManagementSystem.csproj", "{6FC0465D-AAD8-424B-946D-1EC164BCE3CF}"
EndProject
Global
	GlobalSection(SolutionConfigurationPlatforms) = preSolution
		Debug|Any CPU = Debug|Any CPU
		Release|Any CPU = Release|Any CPU
	EndGlobalSection
	GlobalSection(ProjectConfigurationPlatforms) = postSolution
		{13363F1D-3EB2-484D-B93A-0F9052F8F854}.Debug|Any CPU.ActiveCfg = Debug|Any CPU
		{13363F1D-3EB2-484D-B93A-0F9052F8F854}.Debug|Any CPU.Build.0 = Debug|Any CPU
		{13363F1D-3EB2-484D-B93A-0F9052F8F854}.Release|Any CPU.ActiveCfg = Release|Any CPU
		{13363F1D-3EB2-484D-B93A-0F9052F8F854}.Release|Any CPU.Build.0 = Release|Any CPU
		{6FC0465D-AAD8-424B-946D-1EC164BCE3CF}.Debug|Any CPU.ActiveCfg = Debug|Any CPU
		{6FC0465D-AAD8-424B-946D-1EC164BCE3CF}.Debug|Any CPU.Build.0 = Debug|Any CPU
		{6FC0465D-AAD8-424B-946D-1EC164BCE3CF}.Release|Any CPU.ActiveCfg = Release|Any CPU
		{6FC0465D-AAD8-424B-946D-1EC164BCE3CF}.Release|Any CPU.Build.0 = Release|Any CPU
	EndGlobalSection
	GlobalSection(SolutionProperties) = preSolution
		HideSolutionNode = FALSE
	EndGlobalSection
	GlobalSection(ExtensibilityGlobals) = postSolution
		SolutionGuid = {D82F9973-237D-4818-BA03-E304007BC3CD}
	EndGlobalSection
EndGlobal
